
Microsoft Visual Studio Solution File, Format Version 12.00
# Visual Studio 14
VisualStudioVersion = 14.0.23107.0
MinimumVisualStudioVersion = 10.0.40219.1
Project("{FAE04EC0-301F-11D3-BF4B-00C04F79EFBC}") = "ElasticSearchSynSchedule", "ElasticSearchSynSchedule\ElasticSearchSynSchedule.csproj", "{1E1A0C75-E655-4FF1-9030-9DAD02F9BE6C}"
EndProject
Project("{FAE04EC0-301F-11D3-BF4B-00C04F79EFBC}") = "ElasticSearchSynSchedule.Common", "ElasticSearchSynSchedule.Common\ElasticSearchSynSchedule.Common.csproj", "{EB5027F2-25F5-410B-80BB-A0349FDDF39F}"
EndProject
Global
	GlobalSection(SolutionConfigurationPlatforms) = preSolution
		Debug|Any CPU = Debug|Any CPU
		Release|Any CPU = Release|Any CPU
	EndGlobalSection
	GlobalSection(ProjectConfigurationPlatforms) = postSolution
		{1E1A0C75-E655-4FF1-9030-9DAD02F9BE6C}.Debug|Any CPU.ActiveCfg = Debug|Any CPU
		{1E1A0C75-E655-4FF1-9030-9DAD02F9BE6C}.Debug|Any CPU.Build.0 = Debug|Any CPU
		{1E1A0C75-E655-4FF1-9030-9DAD02F9BE6C}.Release|Any CPU.ActiveCfg = Release|Any CPU
		{1E1A0C75-E655-4FF1-9030-9DAD02F9BE6C}.Release|Any CPU.Build.0 = Release|Any CPU
		{EB5027F2-25F5-410B-80BB-A0349FDDF39F}.Debug|Any CPU.ActiveCfg = Debug|Any CPU
		{EB5027F2-25F5-410B-80BB-A0349FDDF39F}.Debug|Any CPU.Build.0 = Debug|Any CPU
		{EB5027F2-25F5-410B-80BB-A0349FDDF39F}.Release|Any CPU.ActiveCfg = Release|Any CPU
		{EB5027F2-25F5-410B-80BB-A0349FDDF39F}.Release|Any CPU.Build.0 = Release|Any CPU
	EndGlobalSection
	GlobalSection(SolutionProperties) = preSolution
		HideSolutionNode = FALSE
	EndGlobalSection
EndGlobal
